
Microsoft Visual Studio Solution File, Format Version 12.00
# Visual Studio Version 17
VisualStudioVersion = 17.11.35312.102
MinimumVisualStudioVersion = 10.0.40219.1
Project("{FAE04EC0-301F-11D3-BF4B-00C04F79EFBC}") = "Managment", "Managment\Managment.csproj", "{CF4C4E8E-F22B-43B2-AD43-5A9D590D6B08}"
EndProject
Global
	GlobalSection(SolutionConfigurationPlatforms) = preSolution
		Debug|Any CPU = Debug|Any CPU
		Release|Any CPU = Release|Any CPU
	EndGlobalSection
	GlobalSection(ProjectConfigurationPlatforms) = postSolution
		{CF4C4E8E-F22B-43B2-AD43-5A9D590D6B08}.Debug|Any CPU.ActiveCfg = Debug|Any CPU
		{CF4C4E8E-F22B-43B2-AD43-5A9D590D6B08}.Debug|Any CPU.Build.0 = Debug|Any CPU
		{CF4C4E8E-F22B-43B2-AD43-5A9D590D6B08}.Release|Any CPU.ActiveCfg = Release|Any CPU
		{CF4C4E8E-F22B-43B2-AD43-5A9D590D6B08}.Release|Any CPU.Build.0 = Release|Any CPU
	EndGlobalSection
	GlobalSection(SolutionProperties) = preSolution
		HideSolutionNode = FALSE
	EndGlobalSection
	GlobalSection(ExtensibilityGlobals) = postSolution
		SolutionGuid = {1525C35D-CFB7-4925-AB55-CA11EC7568EE}
	EndGlobalSection
EndGlobal
